
Microsoft Visual Studio Solution File, Format Version 12.00
# Visual Studio Version 17
VisualStudioVersion = 17.9.34714.143
MinimumVisualStudioVersion = 10.0.40219.1
Project("{FAE04EC0-301F-11D3-BF4B-00C04F79EFBC}") = "LLC SportsGoods", "LLC SportsGoods.csproj", "{55EC0658-E89D-4039-A985-207BA718E0B0}"
EndProject
Global
	GlobalSection(SolutionConfigurationPlatforms) = preSolution
		Debug|Any CPU = Debug|Any CPU
		Release|Any CPU = Release|Any CPU
	EndGlobalSection
	GlobalSection(ProjectConfigurationPlatforms) = postSolution
		{55EC0658-E89D-4039-A985-207BA718E0B0}.Debug|Any CPU.ActiveCfg = Debug|Any CPU
		{55EC0658-E89D-4039-A985-207BA718E0B0}.Debug|Any CPU.Build.0 = Debug|Any CPU
		{55EC0658-E89D-4039-A985-207BA718E0B0}.Release|Any CPU.ActiveCfg = Release|Any CPU
		{55EC0658-E89D-4039-A985-207BA718E0B0}.Release|Any CPU.Build.0 = Release|Any CPU
	EndGlobalSection
	GlobalSection(SolutionProperties) = preSolution
		HideSolutionNode = FALSE
	EndGlobalSection
	GlobalSection(ExtensibilityGlobals) = postSolution
		SolutionGuid = {1AA9A638-8066-4275-BE57-E41057D75733}
	EndGlobalSection
EndGlobal
